
Microsoft Visual Studio Solution File, Format Version 12.00
# Visual Studio 15
VisualStudioVersion = 15.0.27703.2000
MinimumVisualStudioVersion = 10.0.40219.1
Project("{FAE04EC0-301F-11D3-BF4B-00C04F79EFBC}") = "Network_Network", "Network_Network\Network_Network.csproj", "{A2616E76-2BA6-47A1-88EC-55E24D4123ED}"
EndProject
Global
	GlobalSection(SolutionConfigurationPlatforms) = preSolution
		Debug|Any CPU = Debug|Any CPU
		Release|Any CPU = Release|Any CPU
	EndGlobalSection
	GlobalSection(ProjectConfigurationPlatforms) = postSolution
		{A2616E76-2BA6-47A1-88EC-55E24D4123ED}.Debug|Any CPU.ActiveCfg = Debug|Any CPU
		{A2616E76-2BA6-47A1-88EC-55E24D4123ED}.Debug|Any CPU.Build.0 = Debug|Any CPU
		{A2616E76-2BA6-47A1-88EC-55E24D4123ED}.Release|Any CPU.ActiveCfg = Release|Any CPU
		{A2616E76-2BA6-47A1-88EC-55E24D4123ED}.Release|Any CPU.Build.0 = Release|Any CPU
	EndGlobalSection
	GlobalSection(SolutionProperties) = preSolution
		HideSolutionNode = FALSE
	EndGlobalSection
	GlobalSection(ExtensibilityGlobals) = postSolution
		SolutionGuid = {37DA1499-133F-4FA8-8231-282D2A2C14C4}
	EndGlobalSection
EndGlobal
